
Microsoft Visual Studio Solution File, Format Version 12.00
# Visual Studio Version 16
VisualStudioVersion = 16.0.30611.23
MinimumVisualStudioVersion = 10.0.40219.1
Project("{FAE04EC0-301F-11D3-BF4B-00C04F79EFBC}") = "Exam", "Exam.csproj", "{05D2597D-0B4D-44BB-AA2A-A34B0C0B257B}"
EndProject
Project("{FAE04EC0-301F-11D3-BF4B-00C04F79EFBC}") = "Repository", "..\Repository\Repository.csproj", "{4158AD02-7015-4A32-B800-79268B61AFC9}"
EndProject
Project("{FAE04EC0-301F-11D3-BF4B-00C04F79EFBC}") = "Model", "..\Model\Model.csproj", "{43F646FB-5B10-42D3-A0AD-187D5064399F}"
EndProject
Global
	GlobalSection(SolutionConfigurationPlatforms) = preSolution
		Debug|Any CPU = Debug|Any CPU
		Release|Any CPU = Release|Any CPU
	EndGlobalSection
	GlobalSection(ProjectConfigurationPlatforms) = postSolution
		{05D2597D-0B4D-44BB-AA2A-A34B0C0B257B}.Debug|Any CPU.ActiveCfg = Debug|Any CPU
		{05D2597D-0B4D-44BB-AA2A-A34B0C0B257B}.Debug|Any CPU.Build.0 = Debug|Any CPU
		{05D2597D-0B4D-44BB-AA2A-A34B0C0B257B}.Release|Any CPU.ActiveCfg = Release|Any CPU
		{05D2597D-0B4D-44BB-AA2A-A34B0C0B257B}.Release|Any CPU.Build.0 = Release|Any CPU
		{4158AD02-7015-4A32-B800-79268B61AFC9}.Debug|Any CPU.ActiveCfg = Debug|Any CPU
		{4158AD02-7015-4A32-B800-79268B61AFC9}.Debug|Any CPU.Build.0 = Debug|Any CPU
		{4158AD02-7015-4A32-B800-79268B61AFC9}.Release|Any CPU.ActiveCfg = Release|Any CPU
		{4158AD02-7015-4A32-B800-79268B61AFC9}.Release|Any CPU.Build.0 = Release|Any CPU
		{43F646FB-5B10-42D3-A0AD-187D5064399F}.Debug|Any CPU.ActiveCfg = Debug|Any CPU
		{43F646FB-5B10-42D3-A0AD-187D5064399F}.Debug|Any CPU.Build.0 = Debug|Any CPU
		{43F646FB-5B10-42D3-A0AD-187D5064399F}.Release|Any CPU.ActiveCfg = Release|Any CPU
		{43F646FB-5B10-42D3-A0AD-187D5064399F}.Release|Any CPU.Build.0 = Release|Any CPU
	EndGlobalSection
	GlobalSection(SolutionProperties) = preSolution
		HideSolutionNode = FALSE
	EndGlobalSection
	GlobalSection(ExtensibilityGlobals) = postSolution
		SolutionGuid = {31FD7E4B-F847-405E-9251-71959073C3E1}
	EndGlobalSection
EndGlobal
